
Microsoft Visual Studio Solution File, Format Version 12.00
# Visual Studio 15
VisualStudioVersion = 15.0.27130.2024
MinimumVisualStudioVersion = 10.0.40219.1
Project("{FAE04EC0-301F-11D3-BF4B-00C04F79EFBC}") = "BIMP", "BIMP\BIMP.csproj", "{EEDCA089-1941-436A-AE37-0B6535772744}"
EndProject
Global
	GlobalSection(SolutionConfigurationPlatforms) = preSolution
		Debug|Any CPU = Debug|Any CPU
		Release|Any CPU = Release|Any CPU
	EndGlobalSection
	GlobalSection(ProjectConfigurationPlatforms) = postSolution
		{EEDCA089-1941-436A-AE37-0B6535772744}.Debug|Any CPU.ActiveCfg = Debug|Any CPU
		{EEDCA089-1941-436A-AE37-0B6535772744}.Debug|Any CPU.Build.0 = Debug|Any CPU
		{EEDCA089-1941-436A-AE37-0B6535772744}.Release|Any CPU.ActiveCfg = Release|Any CPU
		{EEDCA089-1941-436A-AE37-0B6535772744}.Release|Any CPU.Build.0 = Release|Any CPU
	EndGlobalSection
	GlobalSection(SolutionProperties) = preSolution
		HideSolutionNode = FALSE
	EndGlobalSection
	GlobalSection(ExtensibilityGlobals) = postSolution
		SolutionGuid = {14EA7E33-F428-4FDC-91FF-91A20F69766F}
	EndGlobalSection
EndGlobal
